// !$*UTF8*$!
{
	archiveVersion = 1;
	classes = {
	};
	objectVersion = 56;
	objects = {

/* Begin PBXBuildFile section */
		4412EBDFD1E557C02DE55589 /* Pods_ValifyFaceScan.framework in Frameworks */ = {isa = PBXBuildFile; fileRef = 2CC0D61F0761C8F791E8D500 /* Pods_ValifyFaceScan.framework */; };
		663A9C332C5D5B9C00A633F9 /* AppDelegate.swift in Sources */ = {isa = PBXBuildFile; fileRef = 663A9C322C5D5B9C00A633F9 /* AppDelegate.swift */; };
		663A9C352C5D5B9C00A633F9 /* SceneDelegate.swift in Sources */ = {isa = PBXBuildFile; fileRef = 663A9C342C5D5B9C00A633F9 /* SceneDelegate.swift */; };
		663A9C372C5D5B9C00A633F9 /* ViewController.swift in Sources */ = {isa = PBXBuildFile; fileRef = 663A9C362C5D5B9C00A633F9 /* ViewController.swift */; };
		663A9C3A2C5D5B9C00A633F9 /* Base in Resources */ = {isa = PBXBuildFile; fileRef = 663A9C392C5D5B9C00A633F9 /* Base */; };
		663A9C3C2C5D5B9E00A633F9 /* Assets.xcassets in Resources */ = {isa = PBXBuildFile; fileRef = 663A9C3B2C5D5B9D00A633F9 /* Assets.xcassets */; };
		663A9C3F2C5D5B9E00A633F9 /* Base in Resources */ = {isa = PBXBuildFile; fileRef = 663A9C3E2C5D5B9E00A633F9 /* Base */; };
/* End PBXBuildFile section */

/* Begin PBXFileReference section */
		2CC0D61F0761C8F791E8D500 /* Pods_ValifyFaceScan.framework */ = {isa = PBXFileReference; explicitFileType = wrapper.framework; includeInIndex = 0; path = Pods_ValifyFaceScan.framework; sourceTree = BUILT_PRODUCTS_DIR; };
		3F78733CA325ECE209256159 /* Pods-ValifyFaceScan.release.xcconfig */ = {isa = PBXFileReference; includeInIndex = 1; lastKnownFileType = text.xcconfig; name = "Pods-ValifyFaceScan.release.xcconfig"; path = "Target Support Files/Pods-ValifyFaceScan/Pods-ValifyFaceScan.release.xcconfig"; sourceTree = "<group>"; };
		663A9C2F2C5D5B9C00A633F9 /* ValifyFaceScan.app */ = {isa = PBXFileReference; explicitFileType = wrapper.application; includeInIndex = 0; path = ValifyFaceScan.app; sourceTree = BUILT_PRODUCTS_DIR; };
		663A9C322C5D5B9C00A633F9 /* AppDelegate.swift */ = {isa = PBXFileReference; lastKnownFileType = sourcecode.swift; path = AppDelegate.swift; sourceTree = "<group>"; };
		663A9C342C5D5B9C00A633F9 /* SceneDelegate.swift */ = {isa = PBXFileReference; lastKnownFileType = sourcecode.swift; path = SceneDelegate.swift; sourceTree = "<group>"; };
		663A9C362C5D5B9C00A633F9 /* ViewController.swift */ = {isa = PBXFileReference; lastKnownFileType = sourcecode.swift; path = ViewController.swift; sourceTree = "<group>"; };
		663A9C392C5D5B9C00A633F9 /* Base */ = {isa = PBXFileReference; lastKnownFileType = file.storyboard; name = Base; path = Base.lproj/Main.storyboard; sourceTree = "<group>"; };
		663A9C3B2C5D5B9D00A633F9 /* Assets.xcassets */ = {isa = PBXFileReference; lastKnownFileType = folder.assetcatalog; path = Assets.xcassets; sourceTree = "<group>"; };
		663A9C3E2C5D5B9E00A633F9 /* Base */ = {isa = PBXFileReference; lastKnownFileType = file.storyboard; name = Base; path = Base.lproj/LaunchScreen.storyboard; sourceTree = "<group>"; };
		663A9C402C5D5B9E00A633F9 /* Info.plist */ = {isa = PBXFileReference; lastKnownFileType = text.plist.xml; path = Info.plist; sourceTree = "<group>"; };
		BE12E7AB9CBAB1B8B9E37F1F /* Pods-ValifyFaceScan.debug.xcconfig */ = {isa = PBXFileReference; includeInIndex = 1; lastKnownFileType = text.xcconfig; name = "Pods-ValifyFaceScan.debug.xcconfig"; path = "Target Support Files/Pods-ValifyFaceScan/Pods-ValifyFaceScan.debug.xcconfig"; sourceTree = "<group>"; };
/* End PBXFileReference section */

/* Begin PBXFrameworksBuildPhase section */
		663A9C2C2C5D5B9C00A633F9 /* Frameworks */ = {
			isa = PBXFrameworksBuildPhase;
			buildActionMask = 2147483647;
			files = (
				4412EBDFD1E557C02DE55589 /* Pods_ValifyFaceScan.framework in Frameworks */,
			);
			runOnlyForDeploymentPostprocessing = 0;
		};
/* End PBXFrameworksBuildPhase section */

/* Begin PBXGroup section */
		663A9C262C5D5B9C00A633F9 = {
			isa = PBXGroup;
			children = (
				663A9C312C5D5B9C00A633F9 /* ValifyFaceScan */,
				663A9C302C5D5B9C00A633F9 /* Products */,
				A8BB31F552BBE1E9DC6C677C /* Pods */,
				FD5CC5A0A45DA7C03C7F40C1 /* Frameworks */,
			);
			sourceTree = "<group>";
		};
		663A9C302C5D5B9C00A633F9 /* Products */ = {
			isa = PBXGroup;
			children = (
				663A9C2F2C5D5B9C00A633F9 /* ValifyFaceScan.app */,
			);
			name = Products;
			sourceTree = "<group>";
		};
		663A9C312C5D5B9C00A633F9 /* ValifyFaceScan */ = {
			isa = PBXGroup;
			children = (
				663A9C322C5D5B9C00A633F9 /* AppDelegate.swift */,
				663A9C342C5D5B9C00A633F9 /* SceneDelegate.swift */,
				663A9C362C5D5B9C00A633F9 /* ViewController.swift */,
				663A9C382C5D5B9C00A633F9 /* Main.storyboard */,
				663A9C3B2C5D5B9D00A633F9 /* Assets.xcassets */,
				663A9C3D2C5D5B9E00A633F9 /* LaunchScreen.storyboard */,
				663A9C402C5D5B9E00A633F9 /* Info.plist */,
			);
			path = ValifyFaceScan;
			sourceTree = "<group>";
		};
		A8BB31F552BBE1E9DC6C677C /* Pods */ = {
			isa = PBXGroup;
			children = (
				BE12E7AB9CBAB1B8B9E37F1F /* Pods-ValifyFaceScan.debug.xcconfig */,
				3F78733CA325ECE209256159 /* Pods-ValifyFaceScan.release.xcconfig */,
			);
			path = Pods;
			sourceTree = "<group>";
		};
		FD5CC5A0A45DA7C03C7F40C1 /* Frameworks */ = {
			isa = PBXGroup;
			children = (
				2CC0D61F0761C8F791E8D500 /* Pods_ValifyFaceScan.framework */,
			);
			name = Frameworks;
			sourceTree = "<group>";
		};
/* End PBXGroup section */

/* Begin PBXNativeTarget section */
		663A9C2E2C5D5B9C00A633F9 /* ValifyFaceScan */ = {
			isa = PBXNativeTarget;
			buildConfigurationList = 663A9C432C5D5B9E00A633F9 /* Build configuration list for PBXNativeTarget "ValifyFaceScan" */;
			buildPhases = (
				148AE526685D556965CF0D38 /* [CP] Check Pods Manifest.lock */,
				663A9C2B2C5D5B9C00A633F9 /* Sources */,
				663A9C2C2C5D5B9C00A633F9 /* Frameworks */,
				663A9C2D2C5D5B9C00A633F9 /* Resources */,
				C8FF88F79F1ADBB8CBA37789 /* [CP] Embed Pods Frameworks */,
			);
			buildRules = (
			);
			dependencies = (
			);
			name = ValifyFaceScan;
			productName = ValifyFaceScan;
			productReference = 663A9C2F2C5D5B9C00A633F9 /* ValifyFaceScan.app */;
			productType = "com.apple.product-type.application";
		};
/* End PBXNativeTarget section */

/* Begin PBXProject section */
		663A9C272C5D5B9C00A633F9 /* Project object */ = {
			isa = PBXProject;
			attributes = {
				BuildIndependentTargetsInParallel = 1;
				LastSwiftUpdateCheck = 1530;
				LastUpgradeCheck = 1530;
				TargetAttributes = {
					663A9C2E2C5D5B9C00A633F9 = {
						CreatedOnToolsVersion = 15.3;
					};
				};
			};
			buildConfigurationList = 663A9C2A2C5D5B9C00A633F9 /* Build configuration list for PBXProject "ValifyFaceScan" */;
			compatibilityVersion = "Xcode 14.0";
			developmentRegion = en;
			hasScannedForEncodings = 0;
			knownRegions = (
				en,
				Base,
			);
			mainGroup = 663A9C262C5D5B9C00A633F9;
			productRefGroup = 663A9C302C5D5B9C00A633F9 /* Products */;
			projectDirPath = "";
			projectRoot = "";
			targets = (
				663A9C2E2C5D5B9C00A633F9 /* ValifyFaceScan */,
			);
		};
/* End PBXProject section */

/* Begin PBXResourcesBuildPhase section */
		663A9C2D2C5D5B9C00A633F9 /* Resources */ = {
			isa = PBXResourcesBuildPhase;
			buildActionMask = 2147483647;
			files = (
				663A9C3C2C5D5B9E00A633F9 /* Assets.xcassets in Resources */,
				663A9C3F2C5D5B9E00A633F9 /* Base in Resources */,
				663A9C3A2C5D5B9C00A633F9 /* Base in Resources */,
			);
			runOnlyForDeploymentPostprocessing = 0;
		};
/* End PBXResourcesBuildPhase section */

/* Begin PBXShellScriptBuildPhase section */
		148AE526685D556965CF0D38 /* [CP] Check Pods Manifest.lock */ = {
			isa = PBXShellScriptBuildPhase;
			buildActionMask = 2147483647;
			files = (
			);
			inputFileListPaths = (
			);
			inputPaths = (
				"${PODS_PODFILE_DIR_PATH}/Podfile.lock",
				"${PODS_ROOT}/Manifest.lock",
			);
			name = "[CP] Check Pods Manifest.lock";
			outputFileListPaths = (
			);
			outputPaths = (
				"$(DERIVED_FILE_DIR)/Pods-ValifyFaceScan-checkManifestLockResult.txt",
			);
			runOnlyForDeploymentPostprocessing = 0;
			shellPath = /bin/sh;
			shellScript = "diff \"${PODS_PODFILE_DIR_PATH}/Podfile.lock\" \"${PODS_ROOT}/Manifest.lock\" > /dev/null\nif [ $? != 0 ] ; then\n    # print error to STDERR\n    echo \"error: The sandbox is not in sync with the Podfile.lock. Run 'pod install' or update your CocoaPods installation.\" >&2\n    exit 1\nfi\n# This output is used by Xcode 'outputs' to avoid re-running this script phase.\necho \"SUCCESS\" > \"${SCRIPT_OUTPUT_FILE_0}\"\n";
			showEnvVarsInLog = 0;
		};
		C8FF88F79F1ADBB8CBA37789 /* [CP] Embed Pods Frameworks */ = {
			isa = PBXShellScriptBuildPhase;
			buildActionMask = 2147483647;
			files = (
			);
			inputFileListPaths = (
				"${PODS_ROOT}/Target Support Files/Pods-ValifyFaceScan/Pods-ValifyFaceScan-frameworks-${CONFIGURATION}-input-files.xcfilelist",
			);
			name = "[CP] Embed Pods Frameworks";
			outputFileListPaths = (
				"${PODS_ROOT}/Target Support Files/Pods-ValifyFaceScan/Pods-ValifyFaceScan-frameworks-${CONFIGURATION}-output-files.xcfilelist",
			);
			runOnlyForDeploymentPostprocessing = 0;
			shellPath = /bin/sh;
			shellScript = "\"${PODS_ROOT}/Target Support Files/Pods-ValifyFaceScan/Pods-ValifyFaceScan-frameworks.sh\"\n";
			showEnvVarsInLog = 0;
		};
/* End PBXShellScriptBuildPhase section */

/* Begin PBXSourcesBuildPhase section */
		663A9C2B2C5D5B9C00A633F9 /* Sources */ = {
			isa = PBXSourcesBuildPhase;
			buildActionMask = 2147483647;
			files = (
				663A9C372C5D5B9C00A633F9 /* ViewController.swift in Sources */,
				663A9C332C5D5B9C00A633F9 /* AppDelegate.swift in Sources */,
				663A9C352C5D5B9C00A633F9 /* SceneDelegate.swift in Sources */,
			);
			runOnlyForDeploymentPostprocessing = 0;
		};
/* End PBXSourcesBuildPhase section */

/* Begin PBXVariantGroup section */
		663A9C382C5D5B9C00A633F9 /* Main.storyboard */ = {
			isa = PBXVariantGroup;
			children = (
				663A9C392C5D5B9C00A633F9 /* Base */,
			);
			name = Main.storyboard;
			sourceTree = "<group>";
		};
		663A9C3D2C5D5B9E00A633F9 /* LaunchScreen.storyboard */ = {
			isa = PBXVariantGroup;
			children = (
				663A9C3E2C5D5B9E00A633F9 /* Base */,
			);
			name = LaunchScreen.storyboard;
			sourceTree = "<group>";
		};
/* End PBXVariantGroup section */

/* Begin XCBuildConfiguration section */
		663A9C412C5D5B9E00A633F9 /* Debug */ = {
			isa = XCBuildConfiguration;
			buildSettings = {
				ALWAYS_SEARCH_USER_PATHS = NO;
				ASSETCATALOG_COMPILER_GENERATE_SWIFT_ASSET_SYMBOL_EXTENSIONS = YES;
				CLANG_ANALYZER_NONNULL = YES;
				CLANG_ANALYZER_NUMBER_OBJECT_CONVERSION = YES_AGGRESSIVE;
				CLANG_CXX_LANGUAGE_STANDARD = "gnu++20";
				CLANG_ENABLE_MODULES = YES;
				CLANG_ENABLE_OBJC_ARC = YES;
				CLANG_ENABLE_OBJC_WEAK = YES;
				CLANG_WARN_BLOCK_CAPTURE_AUTORELEASING = YES;
				CLANG_WARN_BOOL_CONVERSION = YES;
				CLANG_WARN_COMMA = YES;
				CLANG_WARN_CONSTANT_CONVERSION = YES;
				CLANG_WARN_DEPRECATED_OBJC_IMPLEMENTATIONS = YES;
				CLANG_WARN_DIRECT_OBJC_ISA_USAGE = YES_ERROR;
				CLANG_WARN_DOCUMENTATION_COMMENTS = YES;
				CLANG_WARN_EMPTY_BODY = YES;
				CLANG_WARN_ENUM_CONVERSION = YES;
				CLANG_WARN_INFINITE_RECURSION = YES;
				CLANG_WARN_INT_CONVERSION = YES;
				CLANG_WARN_NON_LITERAL_NULL_CONVERSION = YES;
				CLANG_WARN_OBJC_IMPLICIT_RETAIN_SELF = YES;
				CLANG_WARN_OBJC_LITERAL_CONVERSION = YES;
				CLANG_WARN_OBJC_ROOT_CLASS = YES_ERROR;
				CLANG_WARN_QUOTED_INCLUDE_IN_FRAMEWORK_HEADER = YES;
				CLANG_WARN_RANGE_LOOP_ANALYSIS = YES;
				CLANG_WARN_STRICT_PROTOTYPES = YES;
				CLANG_WARN_SUSPICIOUS_MOVE = YES;
				CLANG_WARN_UNGUARDED_AVAILABILITY = YES_AGGRESSIVE;
				CLANG_WARN_UNREACHABLE_CODE = YES;
				CLANG_WARN__DUPLICATE_METHOD_MATCH = YES;
				COPY_PHASE_STRIP = NO;
				DEBUG_INFORMATION_FORMAT = dwarf;
				ENABLE_STRICT_OBJC_MSGSEND = YES;
				ENABLE_TESTABILITY = YES;
				ENABLE_USER_SCRIPT_SANDBOXING = YES;
				GCC_C_LANGUAGE_STANDARD = gnu17;
				GCC_DYNAMIC_NO_PIC = NO;
				GCC_NO_COMMON_BLOCKS = YES;
				GCC_OPTIMIZATION_LEVEL = 0;
				GCC_PREPROCESSOR_DEFINITIONS = (
					"DEBUG=1",
					"$(inherited)",
				);
				GCC_WARN_64_TO_32_BIT_CONVERSION = YES;
				GCC_WARN_ABOUT_RETURN_TYPE = YES_ERROR;
				GCC_WARN_UNDECLARED_SELECTOR = YES;
				GCC_WARN_UNINITIALIZED_AUTOS = YES_AGGRESSIVE;
				GCC_WARN_UNUSED_FUNCTION = YES;
				GCC_WARN_UNUSED_VARIABLE = YES;
				IPHONEOS_DEPLOYMENT_TARGET = 17.4;
				LOCALIZATION_PREFERS_STRING_CATALOGS = YES;
				MTL_ENABLE_DEBUG_INFO = INCLUDE_SOURCE;
				MTL_FAST_MATH = YES;
				ONLY_ACTIVE_ARCH = YES;
				SDKROOT = iphoneos;
				SWIFT_ACTIVE_COMPILATION_CONDITIONS = "DEBUG $(inherited)";
				SWIFT_OPTIMIZATION_LEVEL = "-Onone";
			};
			name = Debug;
		};
		663A9C422C5D5B9E00A633F9 /* Release */ = {
			isa = XCBuildConfiguration;
			buildSettings = {
				ALWAYS_SEARCH_USER_PATHS = NO;
				ASSETCATALOG_COMPILER_GENERATE_SWIFT_ASSET_SYMBOL_EXTENSIONS = YES;
				CLANG_ANALYZER_NONNULL = YES;
				CLANG_ANALYZER_NUMBER_OBJECT_CONVERSION = YES_AGGRESSIVE;
				CLANG_CXX_LANGUAGE_STANDARD = "gnu++20";
				CLANG_ENABLE_MODULES = YES;
				CLANG_ENABLE_OBJC_ARC = YES;
				CLANG_ENABLE_OBJC_WEAK = YES;
				CLANG_WARN_BLOCK_CAPTURE_AUTORELEASING = YES;
				CLANG_WARN_BOOL_CONVERSION = YES;
				CLANG_WARN_COMMA = YES;
				CLANG_WARN_CONSTANT_CONVERSION = YES;
				CLANG_WARN_DEPRECATED_OBJC_IMPLEMENTATIONS = YES;
				CLANG_WARN_DIRECT_OBJC_ISA_USAGE = YES_ERROR;
				CLANG_WARN_DOCUMENTATION_COMMENTS = YES;
				CLANG_WARN_EMPTY_BODY = YES;
				CLANG_WARN_ENUM_CONVERSION = YES;
				CLANG_WARN_INFINITE_RECURSION = YES;
				CLANG_WARN_INT_CONVERSION = YES;
				CLANG_WARN_NON_LITERAL_NULL_CONVERSION = YES;
				CLANG_WARN_OBJC_IMPLICIT_RETAIN_SELF = YES;
				CLANG_WARN_OBJC_LITERAL_CONVERSION = YES;
				CLANG_WARN_OBJC_ROOT_CLASS = YES_ERROR;
				CLANG_WARN_QUOTED_INCLUDE_IN_FRAMEWORK_HEADER = YES;
				CLANG_WARN_RANGE_LOOP_ANALYSIS = YES;
				CLANG_WARN_STRICT_PROTOTYPES = YES;
				CLANG_WARN_SUSPICIOUS_MOVE = YES;
				CLANG_WARN_UNGUARDED_AVAILABILITY = YES_AGGRESSIVE;
				CLANG_WARN_UNREACHABLE_CODE = YES;
				CLANG_WARN__DUPLICATE_METHOD_MATCH = YES;
				COPY_PHASE_STRIP = NO;
				DEBUG_INFORMATION_FORMAT = "dwarf-with-dsym";
				ENABLE_NS_ASSERTIONS = NO;
				ENABLE_STRICT_OBJC_MSGSEND = YES;
				ENABLE_USER_SCRIPT_SANDBOXING = YES;
				GCC_C_LANGUAGE_STANDARD = gnu17;
				GCC_NO_COMMON_BLOCKS = YES;
				GCC_WARN_64_TO_32_BIT_CONVERSION = YES;
				GCC_WARN_ABOUT_RETURN_TYPE = YES_ERROR;
				GCC_WARN_UNDECLARED_SELECTOR = YES;
				GCC_WARN_UNINITIALIZED_AUTOS = YES_AGGRESSIVE;
				GCC_WARN_UNUSED_FUNCTION = YES;
				GCC_WARN_UNUSED_VARIABLE = YES;
				IPHONEOS_DEPLOYMENT_TARGET = 17.4;
				LOCALIZATION_PREFERS_STRING_CATALOGS = YES;
				MTL_ENABLE_DEBUG_INFO = NO;
				MTL_FAST_MATH = YES;
				SDKROOT = iphoneos;
				SWIFT_COMPILATION_MODE = wholemodule;
				VALIDATE_PRODUCT = YES;
			};
			name = Release;
		};
		663A9C442C5D5B9E00A633F9 /* Debug */ = {
			isa = XCBuildConfiguration;
			baseConfigurationReference = BE12E7AB9CBAB1B8B9E37F1F /* Pods-ValifyFaceScan.debug.xcconfig */;
			buildSettings = {
				ASSETCATALOG_COMPILER_APPICON_NAME = AppIcon;
				ASSETCATALOG_COMPILER_GLOBAL_ACCENT_COLOR_NAME = AccentColor;
				CODE_SIGN_STYLE = Automatic;
				CURRENT_PROJECT_VERSION = 1;
				DEVELOPMENT_TEAM = SB4J5QLSWZ;
				ENABLE_USER_SCRIPT_SANDBOXING = NO;
				GENERATE_INFOPLIST_FILE = YES;
				INFOPLIST_FILE = ValifyFaceScan/Info.plist;
				INFOPLIST_KEY_NSCameraUsageDescription = "Please allow to access the Camera to valify your identity";
				INFOPLIST_KEY_UIApplicationSupportsIndirectInputEvents = YES;
				INFOPLIST_KEY_UILaunchStoryboardName = LaunchScreen;
				INFOPLIST_KEY_UIMainStoryboardFile = Main;
				INFOPLIST_KEY_UISupportedInterfaceOrientations_iPad = "UIInterfaceOrientationPortrait UIInterfaceOrientationPortraitUpsideDown UIInterfaceOrientationLandscapeLeft UIInterfaceOrientationLandscapeRight";
				INFOPLIST_KEY_UISupportedInterfaceOrientations_iPhone = "UIInterfaceOrientationPortrait UIInterfaceOrientationLandscapeLeft UIInterfaceOrientationLandscapeRight";
				IPHONEOS_DEPLOYMENT_TARGET = 15.0;
				LD_RUNPATH_SEARCH_PATHS = (
					"$(inherited)",
					"@executable_path/Frameworks",
				);
				MARKETING_VERSION = 1.0;
				PRODUCT_BUNDLE_IDENTIFIER = com.Valify.ValifyFaceScan;
				PRODUCT_NAME = "$(TARGET_NAME)";
				SWIFT_EMIT_LOC_STRINGS = YES;
				SWIFT_VERSION = 5.0;
				TARGETED_DEVICE_FAMILY = "1,2";
			};
			name = Debug;
		};
		663A9C452C5D5B9E00A633F9 /* Release */ = {
			isa = XCBuildConfiguration;
			baseConfigurationReference = 3F78733CA325ECE209256159 /* Pods-ValifyFaceScan.release.xcconfig */;
			buildSettings = {
				ASSETCATALOG_COMPILER_APPICON_NAME = AppIcon;
				ASSETCATALOG_COMPILER_GLOBAL_ACCENT_COLOR_NAME = AccentColor;
				CODE_SIGN_STYLE = Automatic;
				CURRENT_PROJECT_VERSION = 1;
				DEVELOPMENT_TEAM = SB4J5QLSWZ;
				ENABLE_USER_SCRIPT_SANDBOXING = NO;
				GENERATE_INFOPLIST_FILE = YES;
				INFOPLIST_FILE = ValifyFaceScan/Info.plist;
				INFOPLIST_KEY_NSCameraUsageDescription = "Please allow to access the Camera to valify your identity";
				INFOPLIST_KEY_UIApplicationSupportsIndirectInputEvents = YES;
				INFOPLIST_KEY_UILaunchStoryboardName = LaunchScreen;
				INFOPLIST_KEY_UIMainStoryboardFile = Main;
				INFOPLIST_KEY_UISupportedInterfaceOrientations_iPad = "UIInterfaceOrientationPortrait UIInterfaceOrientationPortraitUpsideDown UIInterfaceOrientationLandscapeLeft UIInterfaceOrientationLandscapeRight";
				INFOPLIST_KEY_UISupportedInterfaceOrientations_iPhone = "UIInterfaceOrientationPortrait UIInterfaceOrientationLandscapeLeft UIInterfaceOrientationLandscapeRight";
				IPHONEOS_DEPLOYMENT_TARGET = 15.0;
				LD_RUNPATH_SEARCH_PATHS = (
					"$(inherited)",
					"@executable_path/Frameworks",
				);
				MARKETING_VERSION = 1.0;
				PRODUCT_BUNDLE_IDENTIFIER = com.Valify.ValifyFaceScan;
				PRODUCT_NAME = "$(TARGET_NAME)";
				SWIFT_EMIT_LOC_STRINGS = YES;
				SWIFT_VERSION = 5.0;
				TARGETED_DEVICE_FAMILY = "1,2";
			};
			name = Release;
		};
/* End XCBuildConfiguration section */

/* Begin XCConfigurationList section */
		663A9C2A2C5D5B9C00A633F9 /* Build configuration list for PBXProject "ValifyFaceScan" */ = {
			isa = XCConfigurationList;
			buildConfigurations = (
				663A9C412C5D5B9E00A633F9 /* Debug */,
				663A9C422C5D5B9E00A633F9 /* Release */,
			);
			defaultConfigurationIsVisible = 0;
			defaultConfigurationName = Release;
		};
		663A9C432C5D5B9E00A633F9 /* Build configuration list for PBXNativeTarget "ValifyFaceScan" */ = {
			isa = XCConfigurationList;
			buildConfigurations = (
				663A9C442C5D5B9E00A633F9 /* Debug */,
				663A9C452C5D5B9E00A633F9 /* Release */,
			);
			defaultConfigurationIsVisible = 0;
			defaultConfigurationName = Release;
		};
/* End XCConfigurationList section */
	};
	rootObject = 663A9C272C5D5B9C00A633F9 /* Project object */;
}
